{
    "_readme": [
        "This file locks the dependencies of your project to a known state",
        "Read more about it at https://getcomposer.org/doc/01-basic-usage.md#installing-dependencies",
        "This file is @generated automatically"
    ],
    "content-hash": "b2b930764d134afcda9ce902fd6d7b63",
    "packages": [
        {
            "name": "ezyang/htmlpurifier",
            "version": "v4.10.0",
            "source": {
                "type": "git",
                "url": "https://github.com/ezyang/htmlpurifier.git",
                "reference": "d85d39da4576a6934b72480be6978fb10c860021"
            },
            "dist": {
                "type": "zip",
                "url": "https://api.github.com/repos/ezyang/htmlpurifier/zipball/d85d39da4576a6934b72480be6978fb10c860021",
                "reference": "d85d39da4576a6934b72480be6978fb10c860021",
                "shasum": "",
                "mirrors": [
                    {
                        "url": "https://repo.packagist.com/procureplus/dists/%package%/%version%/%reference%.%type%",
                        "preferred": true
                    }
                ]
            },
            "require": {
                "php": ">=5.2"
            },
            "require-dev": {
                "simpletest/simpletest": "^1.1"
            },
            "type": "library",
            "autoload": {
                "psr-0": {
                    "HTMLPurifier": "library/"
                },
                "files": [
                    "library/HTMLPurifier.composer.php"
                ]
            },
            "notification-url": "https://repo.packagist.com/procureplus/downloads/",
            "license": [
                "LGPL"
            ],
            "authors": [
                {
                    "name": "Edward Z. Yang",
                    "email": "admin@htmlpurifier.org",
                    "homepage": "http://ezyang.com"
                }
            ],
            "description": "Standards compliant HTML filter written in PHP",
            "homepage": "http://htmlpurifier.org/",
            "keywords": [
                "html"
            ],
            "time": "2018-02-23T01:58:20+00:00"
        },
        {
            "name": "league/flysystem",
            "version": "1.0.64",
            "source": {
                "type": "git",
                "url": "https://github.com/thephpleague/flysystem.git",
                "reference": "d13c43dbd4b791f815215959105a008515d1a2e0"
            },
            "dist": {
                "type": "zip",
                "url": "https://api.github.com/repos/thephpleague/flysystem/zipball/d13c43dbd4b791f815215959105a008515d1a2e0",
                "reference": "d13c43dbd4b791f815215959105a008515d1a2e0",
                "shasum": "",
                "mirrors": [
                    {
                        "url": "https://repo.packagist.com/procureplus/dists/%package%/%version%/%reference%.%type%",
                        "preferred": true
                    }
                ]
            },
            "require": {
                "ext-fileinfo": "*",
                "php": ">=5.5.9"
            },
            "conflict": {
                "league/flysystem-sftp": "<1.0.6"
            },
            "require-dev": {
                "phpspec/phpspec": "^3.4",
                "phpunit/phpunit": "^5.7.26"
            },
            "suggest": {
                "ext-fileinfo": "Required for MimeType",
                "ext-ftp": "Allows you to use FTP server storage",
                "ext-openssl": "Allows you to use FTPS server storage",
                "league/flysystem-aws-s3-v2": "Allows you to use S3 storage with AWS SDK v2",
                "league/flysystem-aws-s3-v3": "Allows you to use S3 storage with AWS SDK v3",
                "league/flysystem-azure": "Allows you to use Windows Azure Blob storage",
                "league/flysystem-cached-adapter": "Flysystem adapter decorator for metadata caching",
                "league/flysystem-eventable-filesystem": "Allows you to use EventableFilesystem",
                "league/flysystem-rackspace": "Allows you to use Rackspace Cloud Files",
                "league/flysystem-sftp": "Allows you to use SFTP server storage via phpseclib",
                "league/flysystem-webdav": "Allows you to use WebDAV storage",
                "league/flysystem-ziparchive": "Allows you to use ZipArchive adapter",
                "spatie/flysystem-dropbox": "Allows you to use Dropbox storage",
                "srmklive/flysystem-dropbox-v2": "Allows you to use Dropbox storage for PHP 5 applications"
            },
            "type": "library",
            "extra": {
                "branch-alias": {
                    "dev-master": "1.1-dev"
                }
            },
            "autoload": {
                "psr-4": {
                    "League\\Flysystem\\": "src/"
                }
            },
            "notification-url": "https://repo.packagist.com/procureplus/downloads/",
            "license": [
                "MIT"
            ],
            "authors": [
                {
                    "name": "Frank de Jonge",
                    "email": "info@frenky.net"
                }
            ],
            "description": "Filesystem abstraction: Many filesystems, one API.",
            "keywords": [
                "Cloud Files",
                "WebDAV",
                "abstraction",
                "aws",
                "cloud",
                "copy.com",
                "dropbox",
                "file systems",
                "files",
                "filesystem",
                "filesystems",
                "ftp",
                "rackspace",
                "remote",
                "s3",
                "sftp",
                "storage"
            ],
            "time": "2020-02-05T18:14:17+00:00"
        },
        {
            "name": "league/flysystem-sftp",
            "version": "1.0.22",
            "source": {
                "type": "git",
                "url": "https://github.com/thephpleague/flysystem-sftp.git",
                "reference": "cab59dd2277e02fe46f5f23195672a02ed49774d"
            },
            "dist": {
                "type": "zip",
                "url": "https://api.github.com/repos/thephpleague/flysystem-sftp/zipball/cab59dd2277e02fe46f5f23195672a02ed49774d",
                "reference": "cab59dd2277e02fe46f5f23195672a02ed49774d",
                "shasum": "",
                "mirrors": [
                    {
                        "url": "https://repo.packagist.com/procureplus/dists/%package%/%version%/%reference%.%type%",
                        "preferred": true
                    }
                ]
            },
            "require": {
                "league/flysystem": "~1.0",
                "php": ">=5.6.0",
                "phpseclib/phpseclib": "~2.0"
            },
            "require-dev": {
                "mockery/mockery": "0.9.*",
                "phpunit/phpunit": "^5.7.25"
            },
            "type": "library",
            "autoload": {
                "psr-4": {
                    "League\\Flysystem\\Sftp\\": "src/"
                }
            },
            "notification-url": "https://repo.packagist.com/procureplus/downloads/",
            "license": [
                "MIT"
            ],
            "authors": [
                {
                    "name": "Frank de Jonge",
                    "email": "info@frenky.net"
                }
            ],
            "description": "Flysystem adapter for SFTP",
            "time": "2019-10-16T20:05:49+00:00"
        },
        {
            "name": "league/flysystem-ziparchive",
            "version": "1.0.3",
            "source": {
                "type": "git",
                "url": "https://github.com/thephpleague/flysystem-ziparchive.git",
                "reference": "c6d7c7ea23a57ee802d533ab9eb9f19dd5c5fc45"
            },
            "dist": {
                "type": "zip",
                "url": "https://api.github.com/repos/thephpleague/flysystem-ziparchive/zipball/c6d7c7ea23a57ee802d533ab9eb9f19dd5c5fc45",
                "reference": "c6d7c7ea23a57ee802d533ab9eb9f19dd5c5fc45",
                "shasum": "",
                "mirrors": [
                    {
                        "url": "https://repo.packagist.com/procureplus/dists/%package%/%version%/%reference%.%type%",
                        "preferred": true
                    }
                ]
            },
            "require": {
                "ext-zip": "*",
                "league/flysystem": "~1.0",
                "php": ">=5.4.0"
            },
            "require-dev": {
                "mockery/mockery": "0.9.*",
                "phpunit/phpunit": "~4.0"
            },
            "type": "library",
            "extra": {
                "branch-alias": {
                    "dev-master": "1.0-dev"
                }
            },
            "autoload": {
                "psr-4": {
                    "League\\Flysystem\\ZipArchive\\": "src/"
                }
            },
            "notification-url": "https://repo.packagist.com/procureplus/downloads/",
            "license": [
                "MIT"
            ],
            "authors": [
                {
                    "name": "Frank de Jonge",
                    "email": "info@frenky.net"
                }
            ],
            "description": "Flysystem adapter for ZipArchive's",
            "time": "2016-12-20T08:36:16+00:00"
        },
        {
            "name": "phpseclib/phpseclib",
            "version": "2.0.25",
            "source": {
                "type": "git",
                "url": "https://github.com/phpseclib/phpseclib.git",
                "reference": "c18159618ed7cd7ff721ac1a8fec7860a475d2f0"
            },
            "dist": {
                "type": "zip",
                "url": "https://api.github.com/repos/phpseclib/phpseclib/zipball/c18159618ed7cd7ff721ac1a8fec7860a475d2f0",
                "reference": "c18159618ed7cd7ff721ac1a8fec7860a475d2f0",
                "shasum": "",
                "mirrors": [
                    {
                        "url": "https://repo.packagist.com/procureplus/dists/%package%/%version%/%reference%.%type%",
                        "preferred": true
                    }
                ]
            },
            "require": {
                "php": ">=5.3.3"
            },
            "require-dev": {
                "phing/phing": "~2.7",
                "phpunit/phpunit": "^4.8.35|^5.7|^6.0",
                "sami/sami": "~2.0",
                "squizlabs/php_codesniffer": "~2.0"
            },
            "suggest": {
                "ext-gmp": "Install the GMP (GNU Multiple Precision) extension in order to speed up arbitrary precision integer arithmetic operations.",
                "ext-libsodium": "SSH2/SFTP can make use of some algorithms provided by the libsodium-php extension.",
                "ext-mcrypt": "Install the Mcrypt extension in order to speed up a few other cryptographic operations.",
                "ext-openssl": "Install the OpenSSL extension in order to speed up a wide variety of cryptographic operations."
            },
            "type": "library",
            "autoload": {
                "files": [
                    "phpseclib/bootstrap.php"
                ],
                "psr-4": {
                    "phpseclib\\": "phpseclib/"
                }
            },
            "notification-url": "https://repo.packagist.com/procureplus/downloads/",
            "license": [
                "MIT"
            ],
            "authors": [
                {
                    "name": "Jim Wigginton",
                    "email": "terrafrost@php.net",
                    "role": "Lead Developer"
                },
                {
                    "name": "Patrick Monnerat",
                    "email": "pm@datasphere.ch",
                    "role": "Developer"
                },
                {
                    "name": "Andreas Fischer",
                    "email": "bantu@phpbb.com",
                    "role": "Developer"
                },
                {
                    "name": "Hans-Jürgen Petrich",
                    "email": "petrich@tronic-media.com",
                    "role": "Developer"
                },
                {
                    "name": "Graham Campbell",
                    "email": "graham@alt-three.com",
                    "role": "Developer"
                }
            ],
            "description": "PHP Secure Communications Library - Pure-PHP implementations of RSA, AES, SSH2, SFTP, X.509 etc.",
            "homepage": "http://phpseclib.sourceforge.net",
            "keywords": [
                "BigInteger",
                "aes",
                "asn.1",
                "asn1",
                "blowfish",
                "crypto",
                "cryptography",
                "encryption",
                "rsa",
                "security",
                "sftp",
                "signature",
                "signing",
                "ssh",
                "twofish",
                "x.509",
                "x509"
            ],
            "time": "2020-02-25T04:16:50+00:00"
        },
        {
            "name": "procureplus/fileadapter",
            "version": "2.0.1",
            "source": {
                "type": "git",
                "url": "git@github.com:FabricDigital/FileAdapter.git",
                "reference": "cb314bced83c512ae934de96823e383132c454cd"
            },
            "dist": {
                "type": "zip",
                "url": "https://api.github.com/repos/FabricDigital/FileAdapter/zipball/cb314bced83c512ae934de96823e383132c454cd",
                "reference": "cb314bced83c512ae934de96823e383132c454cd",
                "shasum": "",
                "mirrors": [
                    {
                        "url": "https://repo.packagist.com/procureplus/dists/%package%/%version%/%reference%.%type%",
                        "preferred": true
                    }
                ]
            },
            "require": {
                "ext-zip": "*",
                "league/flysystem": "^1.0",
                "league/flysystem-sftp": "^1.0",
                "league/flysystem-ziparchive": "^1.0",
                "php": ">=7.0.0"
            },
            "type": "library",
            "autoload": {
                "psr-4": {
                    "FileAdapter\\": "src/"
                }
            },
            "notification-url": "https://repo.packagist.com/procureplus/downloads/",
            "authors": [
                {
                    "name": "Mike Bamber",
                    "email": "mike.bamber@procure-plus.com",
                    "homepage": "http://www.procure-plus.com"
                }
            ],
            "description": "Internal implementation of flysystem by thephpleague",
            "keywords": [
                "adapter",
                "file",
                "system"
            ],
            "support": {
                "source": "https://github.com/FabricDigital/FileAdapter/tree/2.0.1",
                "issues": "https://github.com/FabricDigital/FileAdapter/issues"
            },
            "time": "2020-01-23T16:10:36+00:00"
        },
        {
            "name": "procureplus/ppcore",
            "version": "dev-PP-11085",
            "source": {
                "type": "git",
                "url": "git@github.com:FabricDigital/PPCore.git",
                "reference": "ec6b116869ffd081949087e1b52d016d10511c3a"
            },
            "dist": {
                "type": "zip",
                "url": "https://api.github.com/repos/FabricDigital/PPCore/zipball/ec6b116869ffd081949087e1b52d016d10511c3a",
                "reference": "ec6b116869ffd081949087e1b52d016d10511c3a",
                "shasum": "",
                "mirrors": [
                    {
                        "url": "https://repo.packagist.com/procureplus/dists/%package%/%version%/%reference%.%type%",
                        "preferred": true
                    }
                ]
            },
            "require": {
                "ext-json": "^1.4.0",
                "ezyang/htmlpurifier": "v4.10.0",
                "php": "7.3.*",
                "procureplus/fileadapter": "^2.0.0"
            },
            "require-dev": {
                "procureplus/pptest": "^2.6.1"
            },
            "type": "library",
            "autoload": {
                "psr-4": {
                    "PPCore\\": "src/",
                    "PPCoreTest\\": "tests/UnitTests/"
                },
                "files": [
                    "src/PPServiceContainer.php"
                ]
            },
            "notification-url": "https://repo.packagist.com/procureplus/downloads/",
            "authors": [
                {
                    "name": "Mike Bamber",
                    "email": "mike.bamber@procure-plus.com",
                    "homepage": "http://www.procure-plus.com"
                },
                {
                    "name": "Chris Baird",
                    "email": "chris.baird@procure-plus.com",
                    "homepage": "http://www.procure-plus.com"
                }
            ],
            "description": "This is PHP framework for writing a platform agnostic application",
            "keywords": [
                "SRE"
            ],
            "support": {
                "source": "https://github.com/FabricDigital/PPCore/tree/PP-11085",
                "issues": "https://github.com/FabricDigital/PPCore/issues"
            },
            "time": "2020-03-06T15:39:51+00:00"
        }
    ],
    "packages-dev": [],
    "aliases": [],
    "minimum-stability": "stable",
    "stability-flags": {
        "procureplus/ppcore": 20
    },
    "prefer-stable": false,
    "prefer-lowest": false,
    "platform": {
        "ext-redis": "*",
        "ext-json": "*"
    },
    "platform-dev": []
}
